PODS:
  - Analytics (4.1.1)
  - Expecta (1.0.6)
  - NielsenAppSDK (8.0.0.0)
  - OCHamcrest (7.1.2)
  - OCMockito (5.1.3):
    - OCHamcrest (~> 7.0)
  - Segment-Nielsen-DCR (1.3.3):
    - Analytics
    - NielsenAppSDK (~> 8.0)
  - Specta (1.0.7)

DEPENDENCIES:
  - Expecta
  - NielsenAppSDK (~> 8.0)
  - OCMockito
  - Segment-Nielsen-DCR (from `../`)
  - Specta

SPEC REPOS:
  https://github.com/NielsenDigitalSDK/nielsenappsdk-ios-specs-dynamic.git:
    - NielsenAppSDK
  trunk:
    - Analytics
    - Expecta
    - OCHamcrest
    - OCMockito
    - Specta

EXTERNAL SOURCES:
  Segment-Nielsen-DCR:
    :path: "../"

SPEC CHECKSUMS:
  Analytics: 952eac761f84ba0a508a4cf691598654073f9e3d
  Expecta: 3b6bd90a64b9a1dcb0b70aa0e10a7f8f631667d5
  NielsenAppSDK: accf3d6810ab397ca2f3d52606e5b63fa77663b9
  OCHamcrest: b284c9592c28c1e4025a8542e67ea41a635d0d73
  OCMockito: 677cbb4a18fd492b5a4fb10144dada4de5ddb877
  Segment-Nielsen-DCR: e3a8c577b0ee548800532c13342d75b3cf9abd04
  Specta: 3e1bd89c3517421982dc4d1c992503e48bd5fe66

PODFILE CHECKSUM: 6f6949a2137b5ced0ec81a732733746a38414daa

COCOAPODS: 1.10.0
